// !$*UTF8*$!
{
	archiveVersion = 1;
	classes = {
	};
	objectVersion = 50;
	objects = {

/* Begin PBXBuildFile section */
		4131167622242415009864AF /* AppDelegate.swift in Sources */ = {isa = PBXBuildFile; fileRef = 4131167522242415009864AF /* AppDelegate.swift */; };
		4131167822242415009864AF /* ViewController.swift in Sources */ = {isa = PBXBuildFile; fileRef = 4131167722242415009864AF /* ViewController.swift */; };
		4131167B22242415009864AF /* Main.storyboard in Resources */ = {isa = PBXBuildFile; fileRef = 4131167922242415009864AF /* Main.storyboard */; };
		4131167D2224241E009864AF /* Assets.xcassets in Resources */ = {isa = PBXBuildFile; fileRef = 4131167C2224241E009864AF /* Assets.xcassets */; };
		413116802224241E009864AF /* LaunchScreen.storyboard in Resources */ = {isa = PBXBuildFile; fileRef = 4131167E2224241E009864AF /* LaunchScreen.storyboard */; };
		4131168D222429AA009864AF /* HeadshotCell.swift in Sources */ = {isa = PBXBuildFile; fileRef = 4131168B222429AA009864AF /* HeadshotCell.swift */; };
		4131168E222429AA009864AF /* HeadshotCell.xib in Resources */ = {isa = PBXBuildFile; fileRef = 4131168C222429AA009864AF /* HeadshotCell.xib */; };
/* End PBXBuildFile section */

/* Begin PBXFileReference section */
		4131167222242415009864AF /* DemoUITableView3.app */ = {isa = PBXFileReference; explicitFileType = wrapper.application; includeInIndex = 0; path = DemoUITableView3.app; sourceTree = BUILT_PRODUCTS_DIR; };
		4131167522242415009864AF /* AppDelegate.swift */ = {isa = PBXFileReference; lastKnownFileType = sourcecode.swift; path = AppDelegate.swift; sourceTree = "<group>"; };
		4131167722242415009864AF /* ViewController.swift */ = {isa = PBXFileReference; lastKnownFileType = sourcecode.swift; path = ViewController.swift; sourceTree = "<group>"; };
		4131167A22242415009864AF /* Base */ = {isa = PBXFileReference; lastKnownFileType = file.storyboard; name = Base; path = Base.lproj/Main.storyboard; sourceTree = "<group>"; };
		4131167C2224241E009864AF /* Assets.xcassets */ = {isa = PBXFileReference; lastKnownFileType = folder.assetcatalog; path = Assets.xcassets; sourceTree = "<group>"; };
		4131167F2224241E009864AF /* Base */ = {isa = PBXFileReference; lastKnownFileType = file.storyboard; name = Base; path = Base.lproj/LaunchScreen.storyboard; sourceTree = "<group>"; };
		413116812224241E009864AF /* Info.plist */ = {isa = PBXFileReference; lastKnownFileType = text.plist.xml; path = Info.plist; sourceTree = "<group>"; };
		4131168B222429AA009864AF /* HeadshotCell.swift */ = {isa = PBXFileReference; lastKnownFileType = sourcecode.swift; path = HeadshotCell.swift; sourceTree = "<group>"; };
		4131168C222429AA009864AF /* HeadshotCell.xib */ = {isa = PBXFileReference; lastKnownFileType = file.xib; path = HeadshotCell.xib; sourceTree = "<group>"; };
/* End PBXFileReference section */

/* Begin PBXFrameworksBuildPhase section */
		4131166F22242415009864AF /* Frameworks */ = {
			isa = PBXFrameworksBuildPhase;
			buildActionMask = 2147483647;
			files = (
			);
			runOnlyForDeploymentPostprocessing = 0;
		};
/* End PBXFrameworksBuildPhase section */

/* Begin PBXGroup section */
		4131166922242415009864AF = {
			isa = PBXGroup;
			children = (
				4131167422242415009864AF /* DemoUITableView3 */,
				4131167322242415009864AF /* Products */,
			);
			sourceTree = "<group>";
		};
		4131167322242415009864AF /* Products */ = {
			isa = PBXGroup;
			children = (
				4131167222242415009864AF /* DemoUITableView3.app */,
			);
			name = Products;
			sourceTree = "<group>";
		};
		4131167422242415009864AF /* DemoUITableView3 */ = {
			isa = PBXGroup;
			children = (
				4131167522242415009864AF /* AppDelegate.swift */,
				4131167722242415009864AF /* ViewController.swift */,
				4131167922242415009864AF /* Main.storyboard */,
				4131168B222429AA009864AF /* HeadshotCell.swift */,
				4131168C222429AA009864AF /* HeadshotCell.xib */,
				4131167C2224241E009864AF /* Assets.xcassets */,
				4131167E2224241E009864AF /* LaunchScreen.storyboard */,
				413116812224241E009864AF /* Info.plist */,
			);
			path = DemoUITableView3;
			sourceTree = "<group>";
		};
/* End PBXGroup section */

/* Begin PBXNativeTarget section */
		4131167122242415009864AF /* DemoUITableView3 */ = {
			isa = PBXNativeTarget;
			buildConfigurationList = 413116842224241E009864AF /* Build configuration list for PBXNativeTarget "DemoUITableView3" */;
			buildPhases = (
				4131166E22242415009864AF /* Sources */,
				4131166F22242415009864AF /* Frameworks */,
				4131167022242415009864AF /* Resources */,
			);
			buildRules = (
			);
			dependencies = (
			);
			name = DemoUITableView3;
			productName = DemoUITableView3;
			productReference = 4131167222242415009864AF /* DemoUITableView3.app */;
			productType = "com.apple.product-type.application";
		};
/* End PBXNativeTarget section */

/* Begin PBXProject section */
		4131166A22242415009864AF /* Project object */ = {
			isa = PBXProject;
			attributes = {
				LastSwiftUpdateCheck = 1010;
				LastUpgradeCheck = 1010;
				ORGANIZATIONNAME = Louis;
				TargetAttributes = {
					4131167122242415009864AF = {
						CreatedOnToolsVersion = 10.1;
					};
				};
			};
			buildConfigurationList = 4131166D22242415009864AF /* Build configuration list for PBXProject "DemoUITableView3" */;
			compatibilityVersion = "Xcode 9.3";
			developmentRegion = en;
			hasScannedForEncodings = 0;
			knownRegions = (
				en,
				Base,
			);
			mainGroup = 4131166922242415009864AF;
			productRefGroup = 4131167322242415009864AF /* Products */;
			projectDirPath = "";
			projectRoot = "";
			targets = (
				4131167122242415009864AF /* DemoUITableView3 */,
			);
		};
/* End PBXProject section */

/* Begin PBXResourcesBuildPhase section */
		4131167022242415009864AF /* Resources */ = {
			isa = PBXResourcesBuildPhase;
			buildActionMask = 2147483647;
			files = (
				413116802224241E009864AF /* LaunchScreen.storyboard in Resources */,
				4131168E222429AA009864AF /* HeadshotCell.xib in Resources */,
				4131167D2224241E009864AF /* Assets.xcassets in Resources */,
				4131167B22242415009864AF /* Main.storyboard in Resources */,
			);
			runOnlyForDeploymentPostprocessing = 0;
		};
/* End PBXResourcesBuildPhase section */

/* Begin PBXSourcesBuildPhase section */
		4131166E22242415009864AF /* Sources */ = {
			isa = PBXSourcesBuildPhase;
			buildActionMask = 2147483647;
			files = (
				4131167822242415009864AF /* ViewController.swift in Sources */,
				4131168D222429AA009864AF /* HeadshotCell.swift in Sources */,
				4131167622242415009864AF /* AppDelegate.swift in Sources */,
			);
			runOnlyForDeploymentPostprocessing = 0;
		};
/* End PBXSourcesBuildPhase section */

/* Begin PBXVariantGroup section */
		4131167922242415009864AF /* Main.storyboard */ = {
			isa = PBXVariantGroup;
			children = (
				4131167A22242415009864AF /* Base */,
			);
			name = Main.storyboard;
			sourceTree = "<group>";
		};
		4131167E2224241E009864AF /* LaunchScreen.storyboard */ = {
			isa = PBXVariantGroup;
			children = (
				4131167F2224241E009864AF /* Base */,
			);
			name = LaunchScreen.storyboard;
			sourceTree = "<group>";
		};
/* End PBXVariantGroup section */

/* Begin XCBuildConfiguration section */
		413116822224241E009864AF /* Debug */ = {
			isa = XCBuildConfiguration;
			buildSettings = {
				ALWAYS_SEARCH_USER_PATHS = NO;
				CLANG_ANALYZER_NONNULL = YES;
				CLANG_ANALYZER_NUMBER_OBJECT_CONVERSION = YES_AGGRESSIVE;
				CLANG_CXX_LANGUAGE_STANDARD = "gnu++14";
				CLANG_CXX_LIBRARY = "libc++";
				CLANG_ENABLE_MODULES = YES;
				CLANG_ENABLE_OBJC_ARC = YES;
				CLANG_ENABLE_OBJC_WEAK = YES;
				CLANG_WARN_BLOCK_CAPTURE_AUTORELEASING = YES;
				CLANG_WARN_BOOL_CONVERSION = YES;
				CLANG_WARN_COMMA = YES;
				CLANG_WARN_CONSTANT_CONVERSION = YES;
				CLANG_WARN_DEPRECATED_OBJC_IMPLEMENTATIONS = YES;
				CLANG_WARN_DIRECT_OBJC_ISA_USAGE = YES_ERROR;
				CLANG_WARN_DOCUMENTATION_COMMENTS = YES;
				CLANG_WARN_EMPTY_BODY = YES;
				CLANG_WARN_ENUM_CONVERSION = YES;
				CLANG_WARN_INFINITE_RECURSION = YES;
				CLANG_WARN_INT_CONVERSION = YES;
				CLANG_WARN_NON_LITERAL_NULL_CONVERSION = YES;
				CLANG_WARN_OBJC_IMPLICIT_RETAIN_SELF = YES;
				CLANG_WARN_OBJC_LITERAL_CONVERSION = YES;
				CLANG_WARN_OBJC_ROOT_CLASS = YES_ERROR;
				CLANG_WARN_RANGE_LOOP_ANALYSIS = YES;
				CLANG_WARN_STRICT_PROTOTYPES = YES;
				CLANG_WARN_SUSPICIOUS_MOVE = YES;
				CLANG_WARN_UNGUARDED_AVAILABILITY = YES_AGGRESSIVE;
				CLANG_WARN_UNREACHABLE_CODE = YES;
				CLANG_WARN__DUPLICATE_METHOD_MATCH = YES;
				CODE_SIGN_IDENTITY = "iPhone Developer";
				COPY_PHASE_STRIP = NO;
				DEBUG_INFORMATION_FORMAT = dwarf;
				ENABLE_STRICT_OBJC_MSGSEND = YES;
				ENABLE_TESTABILITY = YES;
				GCC_C_LANGUAGE_STANDARD = gnu11;
				GCC_DYNAMIC_NO_PIC = NO;
				GCC_NO_COMMON_BLOCKS = YES;
				GCC_OPTIMIZATION_LEVEL = 0;
				GCC_PREPROCESSOR_DEFINITIONS = (
					"DEBUG=1",
					"$(inherited)",
				);
				GCC_WARN_64_TO_32_BIT_CONVERSION = YES;
				GCC_WARN_ABOUT_RETURN_TYPE = YES_ERROR;
				GCC_WARN_UNDECLARED_SELECTOR = YES;
				GCC_WARN_UNINITIALIZED_AUTOS = YES_AGGRESSIVE;
				GCC_WARN_UNUSED_FUNCTION = YES;
				GCC_WARN_UNUSED_VARIABLE = YES;
				IPHONEOS_DEPLOYMENT_TARGET = 12.1;
				MTL_ENABLE_DEBUG_INFO = INCLUDE_SOURCE;
				MTL_FAST_MATH = YES;
				ONLY_ACTIVE_ARCH = YES;
				SDKROOT = iphoneos;
				SWIFT_ACTIVE_COMPILATION_CONDITIONS = DEBUG;
				SWIFT_OPTIMIZATION_LEVEL = "-Onone";
			};
			name = Debug;
		};
		413116832224241E009864AF /* Release */ = {
			isa = XCBuildConfiguration;
			buildSettings = {
				ALWAYS_SEARCH_USER_PATHS = NO;
				CLANG_ANALYZER_NONNULL = YES;
				CLANG_ANALYZER_NUMBER_OBJECT_CONVERSION = YES_AGGRESSIVE;
				CLANG_CXX_LANGUAGE_STANDARD = "gnu++14";
				CLANG_CXX_LIBRARY = "libc++";
				CLANG_ENABLE_MODULES = YES;
				CLANG_ENABLE_OBJC_ARC = YES;
				CLANG_ENABLE_OBJC_WEAK = YES;
				CLANG_WARN_BLOCK_CAPTURE_AUTORELEASING = YES;
				CLANG_WARN_BOOL_CONVERSION = YES;
				CLANG_WARN_COMMA = YES;
				CLANG_WARN_CONSTANT_CONVERSION = YES;
				CLANG_WARN_DEPRECATED_OBJC_IMPLEMENTATIONS = YES;
				CLANG_WARN_DIRECT_OBJC_ISA_USAGE = YES_ERROR;
				CLANG_WARN_DOCUMENTATION_COMMENTS = YES;
				CLANG_WARN_EMPTY_BODY = YES;
				CLANG_WARN_ENUM_CONVERSION = YES;
				CLANG_WARN_INFINITE_RECURSION = YES;
				CLANG_WARN_INT_CONVERSION = YES;
				CLANG_WARN_NON_LITERAL_NULL_CONVERSION = YES;
				CLANG_WARN_OBJC_IMPLICIT_RETAIN_SELF = YES;
				CLANG_WARN_OBJC_LITERAL_CONVERSION = YES;
				CLANG_WARN_OBJC_ROOT_CLASS = YES_ERROR;
				CLANG_WARN_RANGE_LOOP_ANALYSIS = YES;
				CLANG_WARN_STRICT_PROTOTYPES = YES;
				CLANG_WARN_SUSPICIOUS_MOVE = YES;
				CLANG_WARN_UNGUARDED_AVAILABILITY = YES_AGGRESSIVE;
				CLANG_WARN_UNREACHABLE_CODE = YES;
				CLANG_WARN__DUPLICATE_METHOD_MATCH = YES;
				CODE_SIGN_IDENTITY = "iPhone Developer";
				COPY_PHASE_STRIP = NO;
				DEBUG_INFORMATION_FORMAT = "dwarf-with-dsym";
				ENABLE_NS_ASSERTIONS = NO;
				ENABLE_STRICT_OBJC_MSGSEND = YES;
				GCC_C_LANGUAGE_STANDARD = gnu11;
				GCC_NO_COMMON_BLOCKS = YES;
				GCC_WARN_64_TO_32_BIT_CONVERSION = YES;
				GCC_WARN_ABOUT_RETURN_TYPE = YES_ERROR;
				GCC_WARN_UNDECLARED_SELECTOR = YES;
				GCC_WARN_UNINITIALIZED_AUTOS = YES_AGGRESSIVE;
				GCC_WARN_UNUSED_FUNCTION = YES;
				GCC_WARN_UNUSED_VARIABLE = YES;
				IPHONEOS_DEPLOYMENT_TARGET = 12.1;
				MTL_ENABLE_DEBUG_INFO = NO;
				MTL_FAST_MATH = YES;
				SDKROOT = iphoneos;
				SWIFT_COMPILATION_MODE = wholemodule;
				SWIFT_OPTIMIZATION_LEVEL = "-O";
				VALIDATE_PRODUCT = YES;
			};
			name = Release;
		};
		413116852224241E009864AF /* Debug */ = {
			isa = XCBuildConfiguration;
			buildSettings = {
				ASSETCATALOG_COMPILER_APPICON_NAME = AppIcon;
				CODE_SIGN_STYLE = Automatic;
				DEVELOPMENT_TEAM = 9B87Y926C5;
				INFOPLIST_FILE = DemoUITableView3/Info.plist;
				LD_RUNPATH_SEARCH_PATHS = (
					"$(inherited)",
					"@executable_path/Frameworks",
				);
				PRODUCT_BUNDLE_IDENTIFIER = com.louis.DemoUITableView3;
				PRODUCT_NAME = "$(TARGET_NAME)";
				SWIFT_VERSION = 4.2;
				TARGETED_DEVICE_FAMILY = "1,2";
			};
			name = Debug;
		};
		413116862224241E009864AF /* Release */ = {
			isa = XCBuildConfiguration;
			buildSettings = {
				ASSETCATALOG_COMPILER_APPICON_NAME = AppIcon;
				CODE_SIGN_STYLE = Automatic;
				DEVELOPMENT_TEAM = 9B87Y926C5;
				INFOPLIST_FILE = DemoUITableView3/Info.plist;
				LD_RUNPATH_SEARCH_PATHS = (
					"$(inherited)",
					"@executable_path/Frameworks",
				);
				PRODUCT_BUNDLE_IDENTIFIER = com.louis.DemoUITableView3;
				PRODUCT_NAME = "$(TARGET_NAME)";
				SWIFT_VERSION = 4.2;
				TARGETED_DEVICE_FAMILY = "1,2";
			};
			name = Release;
		};
/* End XCBuildConfiguration section */

/* Begin XCConfigurationList section */
		4131166D22242415009864AF /* Build configuration list for PBXProject "DemoUITableView3" */ = {
			isa = XCConfigurationList;
			buildConfigurations = (
				413116822224241E009864AF /* Debug */,
				413116832224241E009864AF /* Release */,
			);
			defaultConfigurationIsVisible = 0;
			defaultConfigurationName = Release;
		};
		413116842224241E009864AF /* Build configuration list for PBXNativeTarget "DemoUITableView3" */ = {
			isa = XCConfigurationList;
			buildConfigurations = (
				413116852224241E009864AF /* Debug */,
				413116862224241E009864AF /* Release */,
			);
			defaultConfigurationIsVisible = 0;
			defaultConfigurationName = Release;
		};
/* End XCConfigurationList section */
	};
	rootObject = 4131166A22242415009864AF /* Project object */;
}
